<Solution>
  <Project Path="Kuro-DockGenesis/Kuro-DockGenesis.csproj" Id="78efce95-9812-4c41-a252-5fa5043c245a" />
  <Project Path="Kuro-DockGrimoire/Kuro-DockGrimoire.csproj" Id="97f47330-4241-4e32-a07a-5ed9434528d8" />
  <Project Path="Kuro-DockScroll/Kuro-DockScroll.csproj" Id="c95decfe-5d41-4387-923c-9615ec9d948e" />
  <Project Path="Kuro-DockThrone.Core/Kuro-DockThrone.Core.csproj" Id="df220182-e8b2-4c3f-9c96-4b7019c507e5" />
  <Project Path="Kuro-DockThrone.Hub/Kuro-DockThrone.Hub.csproj" Id="5dfcc7f0-0169-46e1-aa9f-a37f3c5bd17a" />
  <Project Path="Kuro_DockFortress/Kuro_DockFortress.csproj" Id="ffb4c84c-2b9a-4aba-9d8f-be140c1e0708" />
  <Project Path="Kuro_DockHex/Kuro_DockHex.csproj" Id="bdd87843-9b95-49f1-85d7-5088af9ed933" />
</Solution>
