
Microsoft Visual Studio Solution File, Format Version 12.00
# Visual Studio Version 17
VisualStudioVersion = 17.13.35913.81 d17.13
MinimumVisualStudioVersion = 10.0.40219.1
Project("{FAE04EC0-301F-11D3-BF4B-00C04F79EFBC}") = "kuro-Dock", "kuro-Dock.csproj", "{589270F3-5AF6-4B0E-98A9-845795BCD6EA}"
EndProject
Global
	GlobalSection(SolutionConfigurationPlatforms) = preSolution
		Debug|Any CPU = Debug|Any CPU
		Release|Any CPU = Release|Any CPU
	EndGlobalSection
	GlobalSection(ProjectConfigurationPlatforms) = postSolution
		{589270F3-5AF6-4B0E-98A9-845795BCD6EA}.Debug|Any CPU.ActiveCfg = Debug|Any CPU
		{589270F3-5AF6-4B0E-98A9-845795BCD6EA}.Debug|Any CPU.Build.0 = Debug|Any CPU
		{589270F3-5AF6-4B0E-98A9-845795BCD6EA}.Release|Any CPU.ActiveCfg = Release|Any CPU
		{589270F3-5AF6-4B0E-98A9-845795BCD6EA}.Release|Any CPU.Build.0 = Release|Any CPU
	EndGlobalSection
	GlobalSection(SolutionProperties) = preSolution
		HideSolutionNode = FALSE
	EndGlobalSection
	GlobalSection(ExtensibilityGlobals) = postSolution
		SolutionGuid = {92836EA8-F1F5-4C7C-8BD9-75F87F760C08}
	EndGlobalSection
EndGlobal
